
Microsoft Visual Studio Solution File, Format Version 12.00
# Visual Studio 15
VisualStudioVersion = 15.0.26730.16
MinimumVisualStudioVersion = 10.0.40219.1
Project("{FAE04EC0-301F-11D3-BF4B-00C04F79EFBC}") = "WPF 13C - RadioButton", "WPF 13C - RadioButton\WPF 13C - RadioButton.csproj", "{FE0228F6-0E87-4EAB-B875-82572C1DC564}"
EndProject
Global
	GlobalSection(SolutionConfigurationPlatforms) = preSolution
		Debug|Any CPU = Debug|Any CPU
		Release|Any CPU = Release|Any CPU
	EndGlobalSection
	GlobalSection(ProjectConfigurationPlatforms) = postSolution
		{FE0228F6-0E87-4EAB-B875-82572C1DC564}.Debug|Any CPU.ActiveCfg = Debug|Any CPU
		{FE0228F6-0E87-4EAB-B875-82572C1DC564}.Debug|Any CPU.Build.0 = Debug|Any CPU
		{FE0228F6-0E87-4EAB-B875-82572C1DC564}.Release|Any CPU.ActiveCfg = Release|Any CPU
		{FE0228F6-0E87-4EAB-B875-82572C1DC564}.Release|Any CPU.Build.0 = Release|Any CPU
	EndGlobalSection
	GlobalSection(SolutionProperties) = preSolution
		HideSolutionNode = FALSE
	EndGlobalSection
	GlobalSection(ExtensibilityGlobals) = postSolution
		SolutionGuid = {FBEA66F5-535F-4FD7-B35A-7D6251013592}
	EndGlobalSection
EndGlobal
