
Microsoft Visual Studio Solution File, Format Version 12.00
# Visual Studio 15
VisualStudioVersion = 15.0.26730.16
MinimumVisualStudioVersion = 10.0.40219.1
Project("{FAE04EC0-301F-11D3-BF4B-00C04F79EFBC}") = "WPF 02C - XAML Basics", "WPF 02C - XAML Basics\WPF 02C - XAML Basics.csproj", "{372AB08A-B572-419B-ABF9-4ED1EA9B256A}"
EndProject
Global
	GlobalSection(SolutionConfigurationPlatforms) = preSolution
		Debug|Any CPU = Debug|Any CPU
		Release|Any CPU = Release|Any CPU
	EndGlobalSection
	GlobalSection(ProjectConfigurationPlatforms) = postSolution
		{372AB08A-B572-419B-ABF9-4ED1EA9B256A}.Debug|Any CPU.ActiveCfg = Debug|Any CPU
		{372AB08A-B572-419B-ABF9-4ED1EA9B256A}.Debug|Any CPU.Build.0 = Debug|Any CPU
		{372AB08A-B572-419B-ABF9-4ED1EA9B256A}.Release|Any CPU.ActiveCfg = Release|Any CPU
		{372AB08A-B572-419B-ABF9-4ED1EA9B256A}.Release|Any CPU.Build.0 = Release|Any CPU
	EndGlobalSection
	GlobalSection(SolutionProperties) = preSolution
		HideSolutionNode = FALSE
	EndGlobalSection
	GlobalSection(ExtensibilityGlobals) = postSolution
		SolutionGuid = {73D47AAA-C272-48A1-BB59-E4CB4946EF9C}
	EndGlobalSection
EndGlobal
