
Microsoft Visual Studio Solution File, Format Version 12.00
# Visual Studio 15
VisualStudioVersion = 15.0.26730.16
MinimumVisualStudioVersion = 10.0.40219.1
Project("{FAE04EC0-301F-11D3-BF4B-00C04F79EFBC}") = "WPF 03C - Stackpanel and ListBox", "WPF 03C - Stackpanel and ListBox\WPF 03C - Stackpanel and ListBox.csproj", "{69EBB690-94FE-4335-B9AD-CA8E71139627}"
EndProject
Global
	GlobalSection(SolutionConfigurationPlatforms) = preSolution
		Debug|Any CPU = Debug|Any CPU
		Release|Any CPU = Release|Any CPU
	EndGlobalSection
	GlobalSection(ProjectConfigurationPlatforms) = postSolution
		{69EBB690-94FE-4335-B9AD-CA8E71139627}.Debug|Any CPU.ActiveCfg = Debug|Any CPU
		{69EBB690-94FE-4335-B9AD-CA8E71139627}.Debug|Any CPU.Build.0 = Debug|Any CPU
		{69EBB690-94FE-4335-B9AD-CA8E71139627}.Release|Any CPU.ActiveCfg = Release|Any CPU
		{69EBB690-94FE-4335-B9AD-CA8E71139627}.Release|Any CPU.Build.0 = Release|Any CPU
	EndGlobalSection
	GlobalSection(SolutionProperties) = preSolution
		HideSolutionNode = FALSE
	EndGlobalSection
	GlobalSection(ExtensibilityGlobals) = postSolution
		SolutionGuid = {6610EFA2-327D-46F0-9289-2C7CBF5EB0BC}
	EndGlobalSection
EndGlobal
